{
  "version": 1,
  "sidecar": "git@github.com:compozy/specs.git",
  "source_branch": "main",
  "namespaces": [
    {
      "name": "skeeper",
      "sidecar_branch": "skeeper/__branches__/main",
      "commit": "70016f0e4a19ede99487c2de0a9ae7aecb1cc88d",
      "digest": "sha256:005e8f1aff52f3a554675dad3974e8f2b6589ddf1ea2c9017938a1cff5dc33b4",
      "files": 34,
      "bytes": 172935
    }
  ]
}
